
Microsoft Visual Studio Solution File, Format Version 12.00
# Visual Studio Version 16
VisualStudioVersion = 25.0.1704.0
MinimumVisualStudioVersion = 10.0.40219.1
Project("{FAE04EC0-301F-11D3-BF4B-00C04F79EFBC}") = "MultipleEntryFormDemo", "MultipleEntryFormDemo\MultipleEntryFormDemo.csproj", "{B551A9C7-8AC2-4B57-8D38-0B8097AD0F2D}"
EndProject
Global
	GlobalSection(SolutionConfigurationPlatforms) = preSolution
		Debug|Any CPU = Debug|Any CPU
		Release|Any CPU = Release|Any CPU
	EndGlobalSection
	GlobalSection(ProjectConfigurationPlatforms) = postSolution
		{B551A9C7-8AC2-4B57-8D38-0B8097AD0F2D}.Debug|Any CPU.ActiveCfg = Debug|Any CPU
		{B551A9C7-8AC2-4B57-8D38-0B8097AD0F2D}.Debug|Any CPU.Build.0 = Debug|Any CPU
		{B551A9C7-8AC2-4B57-8D38-0B8097AD0F2D}.Release|Any CPU.ActiveCfg = Release|Any CPU
		{B551A9C7-8AC2-4B57-8D38-0B8097AD0F2D}.Release|Any CPU.Build.0 = Release|Any CPU
	EndGlobalSection
	GlobalSection(SolutionProperties) = preSolution
		HideSolutionNode = FALSE
	EndGlobalSection
	GlobalSection(ExtensibilityGlobals) = postSolution
		SolutionGuid = {1D94D32B-5F23-4A16-BA4F-52F3178183A2}
	EndGlobalSection
EndGlobal
