
Microsoft Visual Studio Solution File, Format Version 12.00
# Visual Studio Version 16
VisualStudioVersion = 25.0.1704.0
MinimumVisualStudioVersion = 10.0.40219.1
Project("{2150E333-8FDC-42A3-9474-1A3956D46DE8}") = "Solution Items", "Solution Items", "{1BF15124-0474-4A99-8544-DD86C4490825}"
	ProjectSection(SolutionItems) = preProject
		README.md = README.md
	EndProjectSection
EndProject
Project("{FAE04EC0-301F-11D3-BF4B-00C04F79EFBC}") = "MultipleEntryFormDemo", "MultipleEntryFormDemo\MultipleEntryFormDemo.csproj", "{0255BCFA-253D-429E-B315-49A517C43893}"
EndProject
Project("{2150E333-8FDC-42A3-9474-1A3956D46DE8}") = "Solution Items", "Solution Items", "{E880804F-D6AE-47AD-A8B2-A9E4256253D6}"
	ProjectSection(SolutionItems) = preProject
		README.md = README.md
	EndProjectSection
EndProject
Global
	GlobalSection(SolutionConfigurationPlatforms) = preSolution
		Debug|Any CPU = Debug|Any CPU
		Release|Any CPU = Release|Any CPU
	EndGlobalSection
	GlobalSection(ProjectConfigurationPlatforms) = postSolution
		{0255BCFA-253D-429E-B315-49A517C43893}.Debug|Any CPU.ActiveCfg = Debug|Any CPU
		{0255BCFA-253D-429E-B315-49A517C43893}.Debug|Any CPU.Build.0 = Debug|Any CPU
		{0255BCFA-253D-429E-B315-49A517C43893}.Release|Any CPU.ActiveCfg = Release|Any CPU
		{0255BCFA-253D-429E-B315-49A517C43893}.Release|Any CPU.Build.0 = Release|Any CPU
	EndGlobalSection
	GlobalSection(SolutionProperties) = preSolution
		HideSolutionNode = FALSE
	EndGlobalSection
	GlobalSection(ExtensibilityGlobals) = postSolution
		SolutionGuid = {1D94D32B-5F23-4A16-BA4F-52F3178183A2}
	EndGlobalSection
EndGlobal
